
Microsoft Visual Studio Solution File, Format Version 12.00
# Visual Studio 15
VisualStudioVersion = 15.0.28307.539
MinimumVisualStudioVersion = 10.0.40219.1
Project("{FAE04EC0-301F-11D3-BF4B-00C04F79EFBC}") = "App1.Android", "App1\App1.Android\App1.Android.csproj", "{0F68AF21-732D-4177-A771-1E8B125AB1BF}"
EndProject
Project("{FAE04EC0-301F-11D3-BF4B-00C04F79EFBC}") = "App1", "App1\App1\App1.csproj", "{2CFA8982-66A0-4726-9EE8-0E82E79CF9B5}"
EndProject
Global
	GlobalSection(SolutionConfigurationPlatforms) = preSolution
		Debug|Any CPU = Debug|Any CPU
		Release|Any CPU = Release|Any CPU
	EndGlobalSection
	GlobalSection(ProjectConfigurationPlatforms) = postSolution
		{0F68AF21-732D-4177-A771-1E8B125AB1BF}.Debug|Any CPU.ActiveCfg = Debug|Any CPU
		{0F68AF21-732D-4177-A771-1E8B125AB1BF}.Debug|Any CPU.Build.0 = Debug|Any CPU
		{0F68AF21-732D-4177-A771-1E8B125AB1BF}.Debug|Any CPU.Deploy.0 = Debug|Any CPU
		{0F68AF21-732D-4177-A771-1E8B125AB1BF}.Release|Any CPU.ActiveCfg = Release|Any CPU
		{0F68AF21-732D-4177-A771-1E8B125AB1BF}.Release|Any CPU.Build.0 = Release|Any CPU
		{0F68AF21-732D-4177-A771-1E8B125AB1BF}.Release|Any CPU.Deploy.0 = Release|Any CPU
		{2CFA8982-66A0-4726-9EE8-0E82E79CF9B5}.Debug|Any CPU.ActiveCfg = Debug|Any CPU
		{2CFA8982-66A0-4726-9EE8-0E82E79CF9B5}.Debug|Any CPU.Build.0 = Debug|Any CPU
		{2CFA8982-66A0-4726-9EE8-0E82E79CF9B5}.Debug|Any CPU.Deploy.0 = Debug|Any CPU
		{2CFA8982-66A0-4726-9EE8-0E82E79CF9B5}.Release|Any CPU.ActiveCfg = Release|Any CPU
		{2CFA8982-66A0-4726-9EE8-0E82E79CF9B5}.Release|Any CPU.Build.0 = Release|Any CPU
		{2CFA8982-66A0-4726-9EE8-0E82E79CF9B5}.Release|Any CPU.Deploy.0 = Release|Any CPU
	EndGlobalSection
	GlobalSection(SolutionProperties) = preSolution
		HideSolutionNode = FALSE
	EndGlobalSection
	GlobalSection(ExtensibilityGlobals) = postSolution
		SolutionGuid = {BCF313D0-7A3A-47D2-9C30-975F7280F2DD}
	EndGlobalSection
EndGlobal
